// !$*UTF8*$!
{
	archiveVersion = 1;
	classes = {
	};
	objectVersion = 45;
	objects = {

/* Begin PBXBuildFile section */
		1D3623260D0F684500981E51 /* HatenaKeywordAppDelegate.m in Sources */ = {isa = PBXBuildFile; fileRef = 1D3623250D0F684500981E51 /* HatenaKeywordAppDelegate.m */; };
		1D60589B0D05DD56006BFB54 /* main.m in Sources */ = {isa = PBXBuildFile; fileRef = 29B97316FDCFA39411CA2CEA /* main.m */; };
		1D60589F0D05DD5A006BFB54 /* Foundation.framework in Frameworks */ = {isa = PBXBuildFile; fileRef = 1D30AB110D05D00D00671497 /* Foundation.framework */; };
		1DF5F4E00D08C38300B7A737 /* UIKit.framework in Frameworks */ = {isa = PBXBuildFile; fileRef = 1DF5F4DF0D08C38300B7A737 /* UIKit.framework */; };
		288765FD0DF74451002DB57D /* CoreGraphics.framework in Frameworks */ = {isa = PBXBuildFile; fileRef = 288765FC0DF74451002DB57D /* CoreGraphics.framework */; };
		311188F311F2F5E900135D01 /* WebViewController.m in Sources */ = {isa = PBXBuildFile; fileRef = 311188F211F2F5E900135D01 /* WebViewController.m */; };
		3111892D11F2FD6800135D01 /* SearchListViewController.m in Sources */ = {isa = PBXBuildFile; fileRef = 3111892C11F2FD6800135D01 /* SearchListViewController.m */; };
		3118F8AF11F49614009B4948 /* Default.png in Resources */ = {isa = PBXBuildFile; fileRef = 3118F8AE11F49614009B4948 /* Default.png */; };
		3118F8B811F496C7009B4948 /* Icon.png in Resources */ = {isa = PBXBuildFile; fileRef = 3118F8B711F496C7009B4948 /* Icon.png */; };
		312244991207088200B25AF6 /* CheckInternetConnection.m in Sources */ = {isa = PBXBuildFile; fileRef = 312244981207088200B25AF6 /* CheckInternetConnection.m */; };
		313E51E51204360700063FF9 /* Reachability.m in Sources */ = {isa = PBXBuildFile; fileRef = 313E51E41204360700063FF9 /* Reachability.m */; };
		313E51F212043E5900063FF9 /* SystemConfiguration.framework in Frameworks */ = {isa = PBXBuildFile; fileRef = 313E51F112043E5900063FF9 /* SystemConfiguration.framework */; };
		315D74BB11B54C90008FF60B /* myParser.m in Sources */ = {isa = PBXBuildFile; fileRef = 315D74BA11B54C90008FF60B /* myParser.m */; };
		31AD18EE11B29996004B4335 /* TopViewController.m in Sources */ = {isa = PBXBuildFile; fileRef = 31AD18ED11B29996004B4335 /* TopViewController.m */; };
		31C023B811E20F9500A60560 /* KeywordViewController.m in Sources */ = {isa = PBXBuildFile; fileRef = 31C023B711E20F9500A60560 /* KeywordViewController.m */; };
/* End PBXBuildFile section */

/* Begin PBXFileReference section */
		1D30AB110D05D00D00671497 /* Foundation.framework */ = {isa = PBXFileReference; lastKnownFileType = wrapper.framework; name = Foundation.framework; path = System/Library/Frameworks/Foundation.framework; sourceTree = SDKROOT; };
		1D3623240D0F684500981E51 /* HatenaKeywordAppDelegate.h */ = {isa = PBXFileReference; fileEncoding = 4; lastKnownFileType = sourcecode.c.h; path = HatenaKeywordAppDelegate.h; sourceTree = "<group>"; };
		1D3623250D0F684500981E51 /* HatenaKeywordAppDelegate.m */ = {isa = PBXFileReference; fileEncoding = 4; lastKnownFileType = sourcecode.c.objc; path = HatenaKeywordAppDelegate.m; sourceTree = "<group>"; };
		1D6058910D05DD3D006BFB54 /* HatenaKeyword.app */ = {isa = PBXFileReference; explicitFileType = wrapper.application; includeInIndex = 0; path = HatenaKeyword.app; sourceTree = BUILT_PRODUCTS_DIR; };
		1DF5F4DF0D08C38300B7A737 /* UIKit.framework */ = {isa = PBXFileReference; lastKnownFileType = wrapper.framework; name = UIKit.framework; path = System/Library/Frameworks/UIKit.framework; sourceTree = SDKROOT; };
		288765FC0DF74451002DB57D /* CoreGraphics.framework */ = {isa = PBXFileReference; lastKnownFileType = wrapper.framework; name = CoreGraphics.framework; path = System/Library/Frameworks/CoreGraphics.framework; sourceTree = SDKROOT; };
		29B97316FDCFA39411CA2CEA /* main.m */ = {isa = PBXFileReference; fileEncoding = 4; lastKnownFileType = sourcecode.c.objc; path = main.m; sourceTree = "<group>"; };
		311188F111F2F5E900135D01 /* WebViewController.h */ = {isa = PBXFileReference; fileEncoding = 4; lastKnownFileType = sourcecode.c.h; path = WebViewController.h; sourceTree = "<group>"; };
		311188F211F2F5E900135D01 /* WebViewController.m */ = {isa = PBXFileReference; fileEncoding = 4; lastKnownFileType = sourcecode.c.objc; path = WebViewController.m; sourceTree = "<group>"; };
		3111892B11F2FD6800135D01 /* SearchListViewController.h */ = {isa = PBXFileReference; fileEncoding = 4; lastKnownFileType = sourcecode.c.h; path = SearchListViewController.h; sourceTree = "<group>"; };
		3111892C11F2FD6800135D01 /* SearchListViewController.m */ = {isa = PBXFileReference; fileEncoding = 4; lastKnownFileType = sourcecode.c.objc; path = SearchListViewController.m; sourceTree = "<group>"; };
		3118F8AE11F49614009B4948 /* Default.png */ = {isa = PBXFileReference; lastKnownFileType = image.png; name = Default.png; path = "../../../Pictures/Hatena Keyword/Default.png"; sourceTree = SOURCE_ROOT; };
		3118F8B711F496C7009B4948 /* Icon.png */ = {isa = PBXFileReference; lastKnownFileType = image.png; name = Icon.png; path = "../../../Pictures/Hatena Keyword/Icon.png"; sourceTree = SOURCE_ROOT; };
		312244971207088200B25AF6 /* CheckInternetConnection.h */ = {isa = PBXFileReference; fileEncoding = 4; lastKnownFileType = sourcecode.c.h; path = CheckInternetConnection.h; sourceTree = "<group>"; };
		312244981207088200B25AF6 /* CheckInternetConnection.m */ = {isa = PBXFileReference; fileEncoding = 4; lastKnownFileType = sourcecode.c.objc; path = CheckInternetConnection.m; sourceTree = "<group>"; };
		313E51E31204360700063FF9 /* Reachability.h */ = {isa = PBXFileReference; fileEncoding = 4; lastKnownFileType = sourcecode.c.h; path = Reachability.h; sourceTree = "<group>"; };
		313E51E41204360700063FF9 /* Reachability.m */ = {isa = PBXFileReference; fileEncoding = 4; lastKnownFileType = sourcecode.c.objc; path = Reachability.m; sourceTree = "<group>"; };
		313E51F112043E5900063FF9 /* SystemConfiguration.framework */ = {isa = PBXFileReference; lastKnownFileType = wrapper.framework; name = SystemConfiguration.framework; path = System/Library/Frameworks/SystemConfiguration.framework; sourceTree = SDKROOT; };
		315D74B911B54C90008FF60B /* myParser.h */ = {isa = PBXFileReference; fileEncoding = 4; lastKnownFileType = sourcecode.c.h; path = myParser.h; sourceTree = "<group>"; };
		315D74BA11B54C90008FF60B /* myParser.m */ = {isa = PBXFileReference; fileEncoding = 4; lastKnownFileType = sourcecode.c.objc; path = myParser.m; sourceTree = "<group>"; };
		31AD18EC11B29996004B4335 /* TopViewController.h */ = {isa = PBXFileReference; fileEncoding = 4; lastKnownFileType = sourcecode.c.h; path = TopViewController.h; sourceTree = "<group>"; };
		31AD18ED11B29996004B4335 /* TopViewController.m */ = {isa = PBXFileReference; fileEncoding = 4; lastKnownFileType = sourcecode.c.objc; path = TopViewController.m; sourceTree = "<group>"; };
		31C023B611E20F9500A60560 /* KeywordViewController.h */ = {isa = PBXFileReference; fileEncoding = 4; lastKnownFileType = sourcecode.c.h; path = KeywordViewController.h; sourceTree = "<group>"; };
		31C023B711E20F9500A60560 /* KeywordViewController.m */ = {isa = PBXFileReference; fileEncoding = 4; lastKnownFileType = sourcecode.c.objc; path = KeywordViewController.m; sourceTree = "<group>"; };
		32CA4F630368D1EE00C91783 /* HatenaKeyword_Prefix.pch */ = {isa = PBXFileReference; fileEncoding = 4; lastKnownFileType = sourcecode.c.h; path = HatenaKeyword_Prefix.pch; sourceTree = "<group>"; };
		8D1107310486CEB800E47090 /* HatenaKeyword-Info.plist */ = {isa = PBXFileReference; fileEncoding = 4; lastKnownFileType = text.plist.xml; path = "HatenaKeyword-Info.plist"; plistStructureDefinitionIdentifier = "com.apple.xcode.plist.structure-definition.iphone.info-plist"; sourceTree = "<group>"; };
/* End PBXFileReference section */

/* Begin PBXFrameworksBuildPhase section */
		1D60588F0D05DD3D006BFB54 /* Frameworks */ = {
			isa = PBXFrameworksBuildPhase;
			buildActionMask = 2147483647;
			files = (
				1D60589F0D05DD5A006BFB54 /* Foundation.framework in Frameworks */,
				1DF5F4E00D08C38300B7A737 /* UIKit.framework in Frameworks */,
				288765FD0DF74451002DB57D /* CoreGraphics.framework in Frameworks */,
				313E51F212043E5900063FF9 /* SystemConfiguration.framework in Frameworks */,
			);
			runOnlyForDeploymentPostprocessing = 0;
		};
/* End PBXFrameworksBuildPhase section */

/* Begin PBXGroup section */
		080E96DDFE201D6D7F000001 /* Classes */ = {
			isa = PBXGroup;
			children = (
				313E51E31204360700063FF9 /* Reachability.h */,
				313E51E41204360700063FF9 /* Reachability.m */,
				1D3623240D0F684500981E51 /* HatenaKeywordAppDelegate.h */,
				1D3623250D0F684500981E51 /* HatenaKeywordAppDelegate.m */,
				31AD18EC11B29996004B4335 /* TopViewController.h */,
				31AD18ED11B29996004B4335 /* TopViewController.m */,
				315D74B911B54C90008FF60B /* myParser.h */,
				315D74BA11B54C90008FF60B /* myParser.m */,
				31C023B611E20F9500A60560 /* KeywordViewController.h */,
				31C023B711E20F9500A60560 /* KeywordViewController.m */,
				311188F111F2F5E900135D01 /* WebViewController.h */,
				311188F211F2F5E900135D01 /* WebViewController.m */,
				3111892B11F2FD6800135D01 /* SearchListViewController.h */,
				3111892C11F2FD6800135D01 /* SearchListViewController.m */,
				312244971207088200B25AF6 /* CheckInternetConnection.h */,
				312244981207088200B25AF6 /* CheckInternetConnection.m */,
			);
			path = Classes;
			sourceTree = "<group>";
		};
		19C28FACFE9D520D11CA2CBB /* Products */ = {
			isa = PBXGroup;
			children = (
				1D6058910D05DD3D006BFB54 /* HatenaKeyword.app */,
			);
			name = Products;
			sourceTree = "<group>";
		};
		29B97314FDCFA39411CA2CEA /* CustomTemplate */ = {
			isa = PBXGroup;
			children = (
				080E96DDFE201D6D7F000001 /* Classes */,
				29B97315FDCFA39411CA2CEA /* Other Sources */,
				29B97317FDCFA39411CA2CEA /* Resources */,
				29B97323FDCFA39411CA2CEA /* Frameworks */,
				19C28FACFE9D520D11CA2CBB /* Products */,
			);
			name = CustomTemplate;
			sourceTree = "<group>";
		};
		29B97315FDCFA39411CA2CEA /* Other Sources */ = {
			isa = PBXGroup;
			children = (
				32CA4F630368D1EE00C91783 /* HatenaKeyword_Prefix.pch */,
				29B97316FDCFA39411CA2CEA /* main.m */,
			);
			name = "Other Sources";
			sourceTree = "<group>";
		};
		29B97317FDCFA39411CA2CEA /* Resources */ = {
			isa = PBXGroup;
			children = (
				3118F8B711F496C7009B4948 /* Icon.png */,
				3118F8AE11F49614009B4948 /* Default.png */,
				8D1107310486CEB800E47090 /* HatenaKeyword-Info.plist */,
			);
			name = Resources;
			sourceTree = "<group>";
		};
		29B97323FDCFA39411CA2CEA /* Frameworks */ = {
			isa = PBXGroup;
			children = (
				1DF5F4DF0D08C38300B7A737 /* UIKit.framework */,
				1D30AB110D05D00D00671497 /* Foundation.framework */,
				288765FC0DF74451002DB57D /* CoreGraphics.framework */,
				313E51F112043E5900063FF9 /* SystemConfiguration.framework */,
			);
			name = Frameworks;
			sourceTree = "<group>";
		};
/* End PBXGroup section */

/* Begin PBXNativeTarget section */
		1D6058900D05DD3D006BFB54 /* HatenaKeyword */ = {
			isa = PBXNativeTarget;
			buildConfigurationList = 1D6058960D05DD3E006BFB54 /* Build configuration list for PBXNativeTarget "HatenaKeyword" */;
			buildPhases = (
				1D60588D0D05DD3D006BFB54 /* Resources */,
				1D60588E0D05DD3D006BFB54 /* Sources */,
				1D60588F0D05DD3D006BFB54 /* Frameworks */,
			);
			buildRules = (
			);
			dependencies = (
			);
			name = HatenaKeyword;
			productName = HatenaKeyword;
			productReference = 1D6058910D05DD3D006BFB54 /* HatenaKeyword.app */;
			productType = "com.apple.product-type.application";
		};
/* End PBXNativeTarget section */

/* Begin PBXProject section */
		29B97313FDCFA39411CA2CEA /* Project object */ = {
			isa = PBXProject;
			buildConfigurationList = C01FCF4E08A954540054247B /* Build configuration list for PBXProject "HatenaKeyword" */;
			compatibilityVersion = "Xcode 3.1";
			hasScannedForEncodings = 1;
			mainGroup = 29B97314FDCFA39411CA2CEA /* CustomTemplate */;
			projectDirPath = "";
			projectRoot = "";
			targets = (
				1D6058900D05DD3D006BFB54 /* HatenaKeyword */,
			);
		};
/* End PBXProject section */

/* Begin PBXResourcesBuildPhase section */
		1D60588D0D05DD3D006BFB54 /* Resources */ = {
			isa = PBXResourcesBuildPhase;
			buildActionMask = 2147483647;
			files = (
				3118F8AF11F49614009B4948 /* Default.png in Resources */,
				3118F8B811F496C7009B4948 /* Icon.png in Resources */,
			);
			runOnlyForDeploymentPostprocessing = 0;
		};
/* End PBXResourcesBuildPhase section */

/* Begin PBXSourcesBuildPhase section */
		1D60588E0D05DD3D006BFB54 /* Sources */ = {
			isa = PBXSourcesBuildPhase;
			buildActionMask = 2147483647;
			files = (
				1D60589B0D05DD56006BFB54 /* main.m in Sources */,
				1D3623260D0F684500981E51 /* HatenaKeywordAppDelegate.m in Sources */,
				31AD18EE11B29996004B4335 /* TopViewController.m in Sources */,
				315D74BB11B54C90008FF60B /* myParser.m in Sources */,
				31C023B811E20F9500A60560 /* KeywordViewController.m in Sources */,
				311188F311F2F5E900135D01 /* WebViewController.m in Sources */,
				3111892D11F2FD6800135D01 /* SearchListViewController.m in Sources */,
				313E51E51204360700063FF9 /* Reachability.m in Sources */,
				312244991207088200B25AF6 /* CheckInternetConnection.m in Sources */,
			);
			runOnlyForDeploymentPostprocessing = 0;
		};
/* End PBXSourcesBuildPhase section */

/* Begin XCBuildConfiguration section */
		1D6058940D05DD3E006BFB54 /* Debug */ = {
			isa = XCBuildConfiguration;
			buildSettings = {
				ALWAYS_SEARCH_USER_PATHS = NO;
				COPY_PHASE_STRIP = NO;
				GCC_DYNAMIC_NO_PIC = NO;
				GCC_OPTIMIZATION_LEVEL = 0;
				GCC_PRECOMPILE_PREFIX_HEADER = YES;
				GCC_PREFIX_HEADER = HatenaKeyword_Prefix.pch;
				INFOPLIST_FILE = "HatenaKeyword-Info.plist";
				PRODUCT_NAME = HatenaKeyword;
			};
			name = Debug;
		};
		1D6058950D05DD3E006BFB54 /* Release */ = {
			isa = XCBuildConfiguration;
			buildSettings = {
				ALWAYS_SEARCH_USER_PATHS = NO;
				COPY_PHASE_STRIP = YES;
				GCC_PRECOMPILE_PREFIX_HEADER = YES;
				GCC_PREFIX_HEADER = HatenaKeyword_Prefix.pch;
				INFOPLIST_FILE = "HatenaKeyword-Info.plist";
				PRODUCT_NAME = HatenaKeyword;
				VALIDATE_PRODUCT = YES;
			};
			name = Release;
		};
		C01FCF4F08A954540054247B /* Debug */ = {
			isa = XCBuildConfiguration;
			buildSettings = {
				ARCHS = "$(ARCHS_STANDARD_32_BIT)";
				"CODE_SIGN_IDENTITY[sdk=iphoneos*]" = "iPhone Developer";
				GCC_C_LANGUAGE_STANDARD = c99;
				GCC_WARN_ABOUT_RETURN_TYPE = YES;
				GCC_WARN_UNUSED_VARIABLE = YES;
				IPHONEOS_DEPLOYMENT_TARGET = 4.0;
				PREBINDING = NO;
				SDKROOT = iphoneos4.0;
			};
			name = Debug;
		};
		C01FCF5008A954540054247B /* Release */ = {
			isa = XCBuildConfiguration;
			buildSettings = {
				ARCHS = "$(ARCHS_STANDARD_32_BIT)";
				"CODE_SIGN_IDENTITY[sdk=iphoneos*]" = "iPhone Developer";
				GCC_C_LANGUAGE_STANDARD = c99;
				GCC_WARN_ABOUT_RETURN_TYPE = YES;
				GCC_WARN_UNUSED_VARIABLE = YES;
				OTHER_CFLAGS = "-DNS_BLOCK_ASSERTIONS=1";
				PREBINDING = NO;
				SDKROOT = iphoneos4.0;
			};
			name = Release;
		};
/* End XCBuildConfiguration section */

/* Begin XCConfigurationList section */
		1D6058960D05DD3E006BFB54 /* Build configuration list for PBXNativeTarget "HatenaKeyword" */ = {
			isa = XCConfigurationList;
			buildConfigurations = (
				1D6058940D05DD3E006BFB54 /* Debug */,
				1D6058950D05DD3E006BFB54 /* Release */,
			);
			defaultConfigurationIsVisible = 0;
			defaultConfigurationName = Release;
		};
		C01FCF4E08A954540054247B /* Build configuration list for PBXProject "HatenaKeyword" */ = {
			isa = XCConfigurationList;
			buildConfigurations = (
				C01FCF4F08A954540054247B /* Debug */,
				C01FCF5008A954540054247B /* Release */,
			);
			defaultConfigurationIsVisible = 0;
			defaultConfigurationName = Release;
		};
/* End XCConfigurationList section */
	};
	rootObject = 29B97313FDCFA39411CA2CEA /* Project object */;
}
